{
  "name": "breeze-share",
  "version": "2.0.0",
  "lockfileVersion": 3,
  "requires": true,
  "packages": {
    "": {
      "name": "breeze-share",
      "version": "2.0.0",
      "dependencies": {
        "@capacitor/android": "^6.2.0",
        "@capacitor/core": "^6.2.0",
        "@capacitor/filesystem": "^6.0.2",
        "@capacitor/network": "^6.0.3",
        "@capacitor-community/bluetooth-le": "^5.1.1"
      },
      "devDependencies": {
        "@capacitor/cli": "^6.2.0"
      }
    }
  }
}
